
Microsoft Visual Studio Solution File, Format Version 12.00
# Visual Studio Version 16
VisualStudioVersion = 16.0.30320.27
MinimumVisualStudioVersion = 10.0.40219.1
Project("{8BC9CEB8-8B4A-11D0-8D11-00A0C91BC942}") = "Opdracht3", "Opdracht3\Opdracht3.vcxproj", "{849BCCE0-7E94-40A8-B78B-18BC8898FB37}"
EndProject
Global
	GlobalSection(SolutionConfigurationPlatforms) = preSolution
		Debug|x64 = Debug|x64
		Debug|x86 = Debug|x86
		Release|x64 = Release|x64
		Release|x86 = Release|x86
	EndGlobalSection
	GlobalSection(ProjectConfigurationPlatforms) = postSolution
		{849BCCE0-7E94-40A8-B78B-18BC8898FB37}.Debug|x64.ActiveCfg = Debug|x64
		{849BCCE0-7E94-40A8-B78B-18BC8898FB37}.Debug|x64.Build.0 = Debug|x64
		{849BCCE0-7E94-40A8-B78B-18BC8898FB37}.Debug|x86.ActiveCfg = Debug|Win32
		{849BCCE0-7E94-40A8-B78B-18BC8898FB37}.Debug|x86.Build.0 = Debug|Win32
		{849BCCE0-7E94-40A8-B78B-18BC8898FB37}.Release|x64.ActiveCfg = Release|x64
		{849BCCE0-7E94-40A8-B78B-18BC8898FB37}.Release|x64.Build.0 = Release|x64
		{849BCCE0-7E94-40A8-B78B-18BC8898FB37}.Release|x86.ActiveCfg = Release|Win32
		{849BCCE0-7E94-40A8-B78B-18BC8898FB37}.Release|x86.Build.0 = Release|Win32
	EndGlobalSection
	GlobalSection(SolutionProperties) = preSolution
		HideSolutionNode = FALSE
	EndGlobalSection
	GlobalSection(ExtensibilityGlobals) = postSolution
		SolutionGuid = {93B196EB-0388-4BD5-B52E-B861A0AB9AB4}
	EndGlobalSection
EndGlobal
